
Microsoft Visual Studio Solution File, Format Version 12.00
# Visual Studio Version 16
VisualStudioVersion = 16.0.30907.101
MinimumVisualStudioVersion = 10.0.40219.1
Project("{FAE04EC0-301F-11D3-BF4B-00C04F79EFBC}") = "UD25_Ej2", "UD25_Ej2\UD25_Ej2.csproj", "{C1D30FE6-E72E-4067-B884-5C6359E733B9}"
EndProject
Global
	GlobalSection(SolutionConfigurationPlatforms) = preSolution
		Debug|Any CPU = Debug|Any CPU
		Release|Any CPU = Release|Any CPU
	EndGlobalSection
	GlobalSection(ProjectConfigurationPlatforms) = postSolution
		{C1D30FE6-E72E-4067-B884-5C6359E733B9}.Debug|Any CPU.ActiveCfg = Debug|Any CPU
		{C1D30FE6-E72E-4067-B884-5C6359E733B9}.Debug|Any CPU.Build.0 = Debug|Any CPU
		{C1D30FE6-E72E-4067-B884-5C6359E733B9}.Release|Any CPU.ActiveCfg = Release|Any CPU
		{C1D30FE6-E72E-4067-B884-5C6359E733B9}.Release|Any CPU.Build.0 = Release|Any CPU
	EndGlobalSection
	GlobalSection(SolutionProperties) = preSolution
		HideSolutionNode = FALSE
	EndGlobalSection
	GlobalSection(ExtensibilityGlobals) = postSolution
		SolutionGuid = {3A060EDE-5520-4E9C-927E-DBA75ED5D6B4}
	EndGlobalSection
EndGlobal
